
Microsoft Visual Studio Solution File, Format Version 12.00
# Visual Studio 15
VisualStudioVersion = 15.0.28307.902
MinimumVisualStudioVersion = 10.0.40219.1
Project("{FAE04EC0-301F-11D3-BF4B-00C04F79EFBC}") = "WSMT-5pb", "WSMT-5pb\WSMT-5pb.csproj", "{C5272EF5-C31C-42B6-97E4-8EDA922878CC}"
EndProject
Global
	GlobalSection(SolutionConfigurationPlatforms) = preSolution
		Debug|Any CPU = Debug|Any CPU
		Release|Any CPU = Release|Any CPU
	EndGlobalSection
	GlobalSection(ProjectConfigurationPlatforms) = postSolution
		{C5272EF5-C31C-42B6-97E4-8EDA922878CC}.Debug|Any CPU.ActiveCfg = Debug|Any CPU
		{C5272EF5-C31C-42B6-97E4-8EDA922878CC}.Debug|Any CPU.Build.0 = Debug|Any CPU
		{C5272EF5-C31C-42B6-97E4-8EDA922878CC}.Release|Any CPU.ActiveCfg = Release|Any CPU
		{C5272EF5-C31C-42B6-97E4-8EDA922878CC}.Release|Any CPU.Build.0 = Release|Any CPU
	EndGlobalSection
	GlobalSection(SolutionProperties) = preSolution
		HideSolutionNode = FALSE
	EndGlobalSection
	GlobalSection(ExtensibilityGlobals) = postSolution
		SolutionGuid = {434C1036-365F-45BE-93DF-A61DE4C4B920}
	EndGlobalSection
EndGlobal
